
Microsoft Visual Studio Solution File, Format Version 12.00
# Visual Studio Version 17
VisualStudioVersion = 17.2.32616.157
MinimumVisualStudioVersion = 10.0.40219.1
Project("{FAE04EC0-301F-11D3-BF4B-00C04F79EFBC}") = "MindboxTestTask", "MindboxTestTask\MindboxTestTask.csproj", "{6CDCD53C-E1A5-4678-B8DF-24D53FAC2474}"
EndProject
Project("{FAE04EC0-301F-11D3-BF4B-00C04F79EFBC}") = "TestMindboxTestTask", "TestMindboxTestTask\TestMindboxTestTask.csproj", "{8E1BC3E9-37FF-4D24-98C6-82F54C004356}"
EndProject
Global
	GlobalSection(SolutionConfigurationPlatforms) = preSolution
		Debug|Any CPU = Debug|Any CPU
		Release|Any CPU = Release|Any CPU
	EndGlobalSection
	GlobalSection(ProjectConfigurationPlatforms) = postSolution
		{6CDCD53C-E1A5-4678-B8DF-24D53FAC2474}.Debug|Any CPU.ActiveCfg = Debug|Any CPU
		{6CDCD53C-E1A5-4678-B8DF-24D53FAC2474}.Debug|Any CPU.Build.0 = Debug|Any CPU
		{6CDCD53C-E1A5-4678-B8DF-24D53FAC2474}.Release|Any CPU.ActiveCfg = Release|Any CPU
		{6CDCD53C-E1A5-4678-B8DF-24D53FAC2474}.Release|Any CPU.Build.0 = Release|Any CPU
		{8E1BC3E9-37FF-4D24-98C6-82F54C004356}.Debug|Any CPU.ActiveCfg = Debug|Any CPU
		{8E1BC3E9-37FF-4D24-98C6-82F54C004356}.Debug|Any CPU.Build.0 = Debug|Any CPU
		{8E1BC3E9-37FF-4D24-98C6-82F54C004356}.Release|Any CPU.ActiveCfg = Release|Any CPU
		{8E1BC3E9-37FF-4D24-98C6-82F54C004356}.Release|Any CPU.Build.0 = Release|Any CPU
	EndGlobalSection
	GlobalSection(SolutionProperties) = preSolution
		HideSolutionNode = FALSE
	EndGlobalSection
	GlobalSection(ExtensibilityGlobals) = postSolution
		SolutionGuid = {D95B0EE1-A324-4EFC-8E45-0121568DDFF8}
	EndGlobalSection
EndGlobal
